
Microsoft Visual Studio Solution File, Format Version 12.00
# Visual Studio 2013
VisualStudioVersion = 12.0.21005.1
MinimumVisualStudioVersion = 10.0.40219.1
Project("{FAE04EC0-301F-11D3-BF4B-00C04F79EFBC}") = "Heaps", "Heaps\Heaps.csproj", "{E2E07867-6B81-4F34-8022-7672489E9056}"
EndProject
Project("{FAE04EC0-301F-11D3-BF4B-00C04F79EFBC}") = "UnionFind", "UnionFind\UnionFind.csproj", "{9B4A642E-A45F-46DC-A376-A9D0C40D06FB}"
EndProject
Project("{FAE04EC0-301F-11D3-BF4B-00C04F79EFBC}") = "BalancedBinarySearchTree", "BalancedBinarySearchTree\BalancedBinarySearchTree.csproj", "{66BA02D4-4A12-44BF-9D4C-503FDEA26F26}"
EndProject
Project("{FAE04EC0-301F-11D3-BF4B-00C04F79EFBC}") = "BinarySearchTree", "BinarySearchTree\BinarySearchTree.csproj", "{44694277-E2B9-4DB6-8441-D05E435D034A}"
EndProject
Project("{FAE04EC0-301F-11D3-BF4B-00C04F79EFBC}") = "BucketSort", "BucketSort\BucketSort.csproj", "{C312CF2F-EFB7-47C7-9248-542FB5E77F1D}"
EndProject
Project("{FAE04EC0-301F-11D3-BF4B-00C04F79EFBC}") = "Graphs", "Graphs\Graphs.csproj", "{CE6DFEAA-543B-47EC-AD27-90F5FAFA5D42}"
EndProject
Project("{FAE04EC0-301F-11D3-BF4B-00C04F79EFBC}") = "HashTables", "HashTables\HashTables.csproj", "{7C45ADA8-80A8-405B-B8C5-B3BADDBD1453}"
EndProject
Project("{FAE04EC0-301F-11D3-BF4B-00C04F79EFBC}") = "Lists", "Lists\Lists.csproj", "{5D8F31D3-FC88-4269-9F3C-2091CF2FA887}"
EndProject
Project("{FAE04EC0-301F-11D3-BF4B-00C04F79EFBC}") = "MergeSort", "MergeSort\MergeSort.csproj", "{3D0F9C31-6D2B-4E2E-9D9E-EE344941074F}"
EndProject
Project("{FAE04EC0-301F-11D3-BF4B-00C04F79EFBC}") = "PriorityQueues", "PriorityQueues\PriorityQueues.csproj", "{20E6F213-8495-4CEC-B34D-A04CC7FAF372}"
EndProject
Project("{FAE04EC0-301F-11D3-BF4B-00C04F79EFBC}") = "Queues", "Queues\Queues.csproj", "{46695B2F-A97D-4BB0-867C-AB9BA2CD05C7}"
EndProject
Project("{FAE04EC0-301F-11D3-BF4B-00C04F79EFBC}") = "QuickSort", "QuickSort\QuickSort.csproj", "{9AB9B343-AB13-47B1-86F2-F304B5BE8B49}"
EndProject
Project("{FAE04EC0-301F-11D3-BF4B-00C04F79EFBC}") = "RadixSort", "RadixSort\RadixSort.csproj", "{EEB20F76-FC51-4A4E-B5DF-2ECB8C0E4B3B}"
EndProject
Project("{FAE04EC0-301F-11D3-BF4B-00C04F79EFBC}") = "Selection", "Selection\Selection.csproj", "{FD57491A-891D-4951-A286-8B7FDF4609D1}"
EndProject
Project("{FAE04EC0-301F-11D3-BF4B-00C04F79EFBC}") = "Stacks", "Stacks\Stacks.csproj", "{09C0061C-4D66-43C7-B1DB-85B852560A69}"
EndProject
Project("{FAE04EC0-301F-11D3-BF4B-00C04F79EFBC}") = "Trees", "Trees\Trees.csproj", "{3CF13ECF-BF2B-4CA1-9B89-FE135D2F58C8}"
EndProject
Project("{FAE04EC0-301F-11D3-BF4B-00C04F79EFBC}") = "WeightedMedians", "WeightedMedians\WeightedMedians.csproj", "{72A0D4E7-1CFB-4E21-B2AF-6CEAC7BDE4DA}"
EndProject
Project("{FAE04EC0-301F-11D3-BF4B-00C04F79EFBC}") = "Trie", "Trie\Trie.csproj", "{C1613087-D01B-4FEF-9C8E-8196E9B96153}"
EndProject
Project("{FAE04EC0-301F-11D3-BF4B-00C04F79EFBC}") = "AlgorithmTestProject", "AlgorithmTestProject\AlgorithmTestProject.csproj", "{2CBAC1C5-4DE7-47E5-ADA6-51EE4809B4D6}"
EndProject
Global
	GlobalSection(SolutionConfigurationPlatforms) = preSolution
		Debug|Any CPU = Debug|Any CPU
		Release|Any CPU = Release|Any CPU
	EndGlobalSection
	GlobalSection(ProjectConfigurationPlatforms) = postSolution
		{E2E07867-6B81-4F34-8022-7672489E9056}.Debug|Any CPU.ActiveCfg = Debug|Any CPU
		{E2E07867-6B81-4F34-8022-7672489E9056}.Debug|Any CPU.Build.0 = Debug|Any CPU
		{E2E07867-6B81-4F34-8022-7672489E9056}.Release|Any CPU.ActiveCfg = Release|Any CPU
		{E2E07867-6B81-4F34-8022-7672489E9056}.Release|Any CPU.Build.0 = Release|Any CPU
		{9B4A642E-A45F-46DC-A376-A9D0C40D06FB}.Debug|Any CPU.ActiveCfg = Debug|Any CPU
		{9B4A642E-A45F-46DC-A376-A9D0C40D06FB}.Debug|Any CPU.Build.0 = Debug|Any CPU
		{9B4A642E-A45F-46DC-A376-A9D0C40D06FB}.Release|Any CPU.ActiveCfg = Release|Any CPU
		{9B4A642E-A45F-46DC-A376-A9D0C40D06FB}.Release|Any CPU.Build.0 = Release|Any CPU
		{66BA02D4-4A12-44BF-9D4C-503FDEA26F26}.Debug|Any CPU.ActiveCfg = Debug|Any CPU
		{66BA02D4-4A12-44BF-9D4C-503FDEA26F26}.Debug|Any CPU.Build.0 = Debug|Any CPU
		{66BA02D4-4A12-44BF-9D4C-503FDEA26F26}.Release|Any CPU.ActiveCfg = Release|Any CPU
		{66BA02D4-4A12-44BF-9D4C-503FDEA26F26}.Release|Any CPU.Build.0 = Release|Any CPU
		{44694277-E2B9-4DB6-8441-D05E435D034A}.Debug|Any CPU.ActiveCfg = Debug|Any CPU
		{44694277-E2B9-4DB6-8441-D05E435D034A}.Debug|Any CPU.Build.0 = Debug|Any CPU
		{44694277-E2B9-4DB6-8441-D05E435D034A}.Release|Any CPU.ActiveCfg = Release|Any CPU
		{44694277-E2B9-4DB6-8441-D05E435D034A}.Release|Any CPU.Build.0 = Release|Any CPU
		{C312CF2F-EFB7-47C7-9248-542FB5E77F1D}.Debug|Any CPU.ActiveCfg = Debug|Any CPU
		{C312CF2F-EFB7-47C7-9248-542FB5E77F1D}.Debug|Any CPU.Build.0 = Debug|Any CPU
		{C312CF2F-EFB7-47C7-9248-542FB5E77F1D}.Release|Any CPU.ActiveCfg = Release|Any CPU
		{C312CF2F-EFB7-47C7-9248-542FB5E77F1D}.Release|Any CPU.Build.0 = Release|Any CPU
		{CE6DFEAA-543B-47EC-AD27-90F5FAFA5D42}.Debug|Any CPU.ActiveCfg = Debug|Any CPU
		{CE6DFEAA-543B-47EC-AD27-90F5FAFA5D42}.Debug|Any CPU.Build.0 = Debug|Any CPU
		{CE6DFEAA-543B-47EC-AD27-90F5FAFA5D42}.Release|Any CPU.ActiveCfg = Release|Any CPU
		{CE6DFEAA-543B-47EC-AD27-90F5FAFA5D42}.Release|Any CPU.Build.0 = Release|Any CPU
		{7C45ADA8-80A8-405B-B8C5-B3BADDBD1453}.Debug|Any CPU.ActiveCfg = Debug|Any CPU
		{7C45ADA8-80A8-405B-B8C5-B3BADDBD1453}.Debug|Any CPU.Build.0 = Debug|Any CPU
		{7C45ADA8-80A8-405B-B8C5-B3BADDBD1453}.Release|Any CPU.ActiveCfg = Release|Any CPU
		{7C45ADA8-80A8-405B-B8C5-B3BADDBD1453}.Release|Any CPU.Build.0 = Release|Any CPU
		{5D8F31D3-FC88-4269-9F3C-2091CF2FA887}.Debug|Any CPU.ActiveCfg = Debug|Any CPU
		{5D8F31D3-FC88-4269-9F3C-2091CF2FA887}.Debug|Any CPU.Build.0 = Debug|Any CPU
		{5D8F31D3-FC88-4269-9F3C-2091CF2FA887}.Release|Any CPU.ActiveCfg = Release|Any CPU
		{5D8F31D3-FC88-4269-9F3C-2091CF2FA887}.Release|Any CPU.Build.0 = Release|Any CPU
		{3D0F9C31-6D2B-4E2E-9D9E-EE344941074F}.Debug|Any CPU.ActiveCfg = Debug|Any CPU
		{3D0F9C31-6D2B-4E2E-9D9E-EE344941074F}.Debug|Any CPU.Build.0 = Debug|Any CPU
		{3D0F9C31-6D2B-4E2E-9D9E-EE344941074F}.Release|Any CPU.ActiveCfg = Release|Any CPU
		{3D0F9C31-6D2B-4E2E-9D9E-EE344941074F}.Release|Any CPU.Build.0 = Release|Any CPU
		{20E6F213-8495-4CEC-B34D-A04CC7FAF372}.Debug|Any CPU.ActiveCfg = Debug|Any CPU
		{20E6F213-8495-4CEC-B34D-A04CC7FAF372}.Debug|Any CPU.Build.0 = Debug|Any CPU
		{20E6F213-8495-4CEC-B34D-A04CC7FAF372}.Release|Any CPU.ActiveCfg = Release|Any CPU
		{20E6F213-8495-4CEC-B34D-A04CC7FAF372}.Release|Any CPU.Build.0 = Release|Any CPU
		{46695B2F-A97D-4BB0-867C-AB9BA2CD05C7}.Debug|Any CPU.ActiveCfg = Debug|Any CPU
		{46695B2F-A97D-4BB0-867C-AB9BA2CD05C7}.Debug|Any CPU.Build.0 = Debug|Any CPU
		{46695B2F-A97D-4BB0-867C-AB9BA2CD05C7}.Release|Any CPU.ActiveCfg = Release|Any CPU
		{46695B2F-A97D-4BB0-867C-AB9BA2CD05C7}.Release|Any CPU.Build.0 = Release|Any CPU
		{9AB9B343-AB13-47B1-86F2-F304B5BE8B49}.Debug|Any CPU.ActiveCfg = Debug|Any CPU
		{9AB9B343-AB13-47B1-86F2-F304B5BE8B49}.Debug|Any CPU.Build.0 = Debug|Any CPU
		{9AB9B343-AB13-47B1-86F2-F304B5BE8B49}.Release|Any CPU.ActiveCfg = Release|Any CPU
		{9AB9B343-AB13-47B1-86F2-F304B5BE8B49}.Release|Any CPU.Build.0 = Release|Any CPU
		{EEB20F76-FC51-4A4E-B5DF-2ECB8C0E4B3B}.Debug|Any CPU.ActiveCfg = Debug|Any CPU
		{EEB20F76-FC51-4A4E-B5DF-2ECB8C0E4B3B}.Debug|Any CPU.Build.0 = Debug|Any CPU
		{EEB20F76-FC51-4A4E-B5DF-2ECB8C0E4B3B}.Release|Any CPU.ActiveCfg = Release|Any CPU
		{EEB20F76-FC51-4A4E-B5DF-2ECB8C0E4B3B}.Release|Any CPU.Build.0 = Release|Any CPU
		{FD57491A-891D-4951-A286-8B7FDF4609D1}.Debug|Any CPU.ActiveCfg = Debug|Any CPU
		{FD57491A-891D-4951-A286-8B7FDF4609D1}.Debug|Any CPU.Build.0 = Debug|Any CPU
		{FD57491A-891D-4951-A286-8B7FDF4609D1}.Release|Any CPU.ActiveCfg = Release|Any CPU
		{FD57491A-891D-4951-A286-8B7FDF4609D1}.Release|Any CPU.Build.0 = Release|Any CPU
		{09C0061C-4D66-43C7-B1DB-85B852560A69}.Debug|Any CPU.ActiveCfg = Debug|Any CPU
		{09C0061C-4D66-43C7-B1DB-85B852560A69}.Debug|Any CPU.Build.0 = Debug|Any CPU
		{09C0061C-4D66-43C7-B1DB-85B852560A69}.Release|Any CPU.ActiveCfg = Release|Any CPU
		{09C0061C-4D66-43C7-B1DB-85B852560A69}.Release|Any CPU.Build.0 = Release|Any CPU
		{3CF13ECF-BF2B-4CA1-9B89-FE135D2F58C8}.Debug|Any CPU.ActiveCfg = Debug|Any CPU
		{3CF13ECF-BF2B-4CA1-9B89-FE135D2F58C8}.Debug|Any CPU.Build.0 = Debug|Any CPU
		{3CF13ECF-BF2B-4CA1-9B89-FE135D2F58C8}.Release|Any CPU.ActiveCfg = Release|Any CPU
		{3CF13ECF-BF2B-4CA1-9B89-FE135D2F58C8}.Release|Any CPU.Build.0 = Release|Any CPU
		{72A0D4E7-1CFB-4E21-B2AF-6CEAC7BDE4DA}.Debug|Any CPU.ActiveCfg = Debug|Any CPU
		{72A0D4E7-1CFB-4E21-B2AF-6CEAC7BDE4DA}.Debug|Any CPU.Build.0 = Debug|Any CPU
		{72A0D4E7-1CFB-4E21-B2AF-6CEAC7BDE4DA}.Release|Any CPU.ActiveCfg = Release|Any CPU
		{72A0D4E7-1CFB-4E21-B2AF-6CEAC7BDE4DA}.Release|Any CPU.Build.0 = Release|Any CPU
		{C1613087-D01B-4FEF-9C8E-8196E9B96153}.Debug|Any CPU.ActiveCfg = Debug|Any CPU
		{C1613087-D01B-4FEF-9C8E-8196E9B96153}.Debug|Any CPU.Build.0 = Debug|Any CPU
		{C1613087-D01B-4FEF-9C8E-8196E9B96153}.Release|Any CPU.ActiveCfg = Release|Any CPU
		{C1613087-D01B-4FEF-9C8E-8196E9B96153}.Release|Any CPU.Build.0 = Release|Any CPU
		{2CBAC1C5-4DE7-47E5-ADA6-51EE4809B4D6}.Debug|Any CPU.ActiveCfg = Debug|Any CPU
		{2CBAC1C5-4DE7-47E5-ADA6-51EE4809B4D6}.Debug|Any CPU.Build.0 = Debug|Any CPU
		{2CBAC1C5-4DE7-47E5-ADA6-51EE4809B4D6}.Release|Any CPU.ActiveCfg = Release|Any CPU
		{2CBAC1C5-4DE7-47E5-ADA6-51EE4809B4D6}.Release|Any CPU.Build.0 = Release|Any CPU
	EndGlobalSection
	GlobalSection(SolutionProperties) = preSolution
		HideSolutionNode = FALSE
	EndGlobalSection
EndGlobal
